#MicroXplorer Configuration settings - do not modify
ADF1.IPParameters=MDF_COMPARAM_ActivationOutputClock,MDF_COMPARAM_Divider,MDF_COMPARAM_ActivationClockTrigger,MDF_SITF0_Mode_Display,MDF_SITF0_Threshold,MDF_DFLT0_CIC_Mode,MDF_DFLT0_Decimation,MDF_DFLT0_Gain,MDF_DFLT0_HighPassFilterActivation,MDF_DFLT0_ReshapeFilterActivation,MDF_DFLT0_AcquisitionMode
ADF1.MDF_COMPARAM_ActivationClockTrigger=ENABLE
ADF1.MDF_COMPARAM_ActivationOutputClock=ENABLE
ADF1.MDF_COMPARAM_Divider=5
ADF1.MDF_DFLT0_AcquisitionMode=MDF_MODE_SYNC_CONT
ADF1.MDF_DFLT0_CIC_Mode=MDF_ONE_FILTER_SINC5
ADF1.MDF_DFLT0_Decimation=16
ADF1.MDF_DFLT0_Gain=1
ADF1.MDF_DFLT0_HighPassFilterActivation=ENABLE
ADF1.MDF_DFLT0_ReshapeFilterActivation=ENABLE
ADF1.MDF_SITF0_Mode_Display=MDF_SITF_NORMAL_SPI_MODE
ADF1.MDF_SITF0_Threshold=31
CAD.formats=
CAD.pinconfig=
CAD.provider=
CORTEX_M33_NS.userName=CORTEX_M33
File.Version=6
GPDMA1.CIRCULARMODE_GPDMACH5=ENABLE
GPDMA1.DATAALIGNEMENT_GPDMACH5=DMA_DATA_UNPACK
GPDMA1.DATAHANDLING_GPDMACH5=ENABLE
GPDMA1.DESTDATAWIDTH_GPDMACH5=DMA_DEST_DATAWIDTH_HALFWORD
GPDMA1.DESTINC_GPDMACH2=DMA_DINC_INCREMENTED
GPDMA1.DESTINC_GPDMACH5=DMA_DINC_INCREMENTED
GPDMA1.DIRECTION_GPDMACH3=DMA_MEMORY_TO_PERIPH
GPDMA1.IPHANDLE_GPDMACH2-SIMPLEREQUEST_GPDMACH2=__NULL
GPDMA1.IPHANDLE_GPDMACH3-SIMPLEREQUEST_GPDMACH3=__NULL
GPDMA1.IPHANDLE_GPDMACH5-SIMPLEREQUEST_GPDMACH5=__NULL
GPDMA1.IPParameters=REQUEST_GPDMACH3,REQUEST_GPDMACH2,DIRECTION_GPDMACH3,SRCINC_GPDMACH3,DESTINC_GPDMACH2,IPHANDLE_GPDMACH3-SIMPLEREQUEST_GPDMACH3,IPHANDLE_GPDMACH2-SIMPLEREQUEST_GPDMACH2,CIRCULARMODE_GPDMACH5,IPHANDLE_GPDMACH5-SIMPLEREQUEST_GPDMACH5,REQUEST_GPDMACH5,PRIORITY_LL_CIRCULAR_GPDMACH5,SRCDATAWIDTH_GPDMACH5,DESTINC_GPDMACH5,DESTDATAWIDTH_GPDMACH5,TRANSFERALLOCATEDPORTDEST_GPDMACH5,DATAHANDLING_GPDMACH5,DATAALIGNEMENT_GPDMACH5
GPDMA1.PRIORITY_LL_CIRCULAR_GPDMACH5=DMA_HIGH_PRIORITY
GPDMA1.REQUEST_GPDMACH2=GPDMA1_REQUEST_I2C2_RX
GPDMA1.REQUEST_GPDMACH3=GPDMA1_REQUEST_I2C2_TX
GPDMA1.REQUEST_GPDMACH5=GPDMA1_REQUEST_ADF1_FLT0
GPDMA1.SRCDATAWIDTH_GPDMACH5=DMA_SRC_DATAWIDTH_HALFWORD
GPDMA1.SRCINC_GPDMACH3=DMA_SINC_INCREMENTED
GPDMA1.TRANSFERALLOCATEDPORTDEST_GPDMACH5=DMA_DEST_ALLOCATED_PORT1
GPIO.groupedBy=
I2C2.I2C_Speed_Mode=I2C_Fast
I2C2.IPParameters=Timing,I2C_Speed_Mode
I2C2.Timing=0x00F07BFF
KeepUserPlacement=false
Mcu.CPN=STM32U585AII6Q
Mcu.ContextProject=TrustZoneDisabled
Mcu.Family=STM32U5
Mcu.IP0=ADF1
Mcu.IP1=CORTEX_M33_NS
Mcu.IP10=TIM7
Mcu.IP11=USART1
Mcu.IP2=GPDMA1
Mcu.IP3=I2C2
Mcu.IP4=LPBAM
Mcu.IP5=LPBAMQUEUE
Mcu.IP6=NVIC
Mcu.IP7=PWR
Mcu.IP8=RCC
Mcu.IP9=SYS
Mcu.IPNb=12
Mcu.Name=STM32U585AIIxQ
Mcu.Package=UFBGA169
Mcu.Pin0=PG15
Mcu.Pin1=PC11
Mcu.Pin10=PA14 (JTCK/SWCLK)
Mcu.Pin11=PH10
Mcu.Pin12=PC14-OSC32_IN (PC14)
Mcu.Pin13=PE3
Mcu.Pin14=PB9
Mcu.Pin15=PB3 (JTDO/TRACESWO)
Mcu.Pin16=PD7
Mcu.Pin17=PD3
Mcu.Pin18=PH11
Mcu.Pin19=PC15-OSC32_OUT (PC15)
Mcu.Pin2=PA15 (JTDI)
Mcu.Pin20=PF0
Mcu.Pin21=PC13
Mcu.Pin22=PB8
Mcu.Pin23=PH9
Mcu.Pin24=PH4
Mcu.Pin25=PH6
Mcu.Pin26=PF8
Mcu.Pin27=PF1
Mcu.Pin28=PF2
Mcu.Pin29=PD1
Mcu.Pin3=PI5
Mcu.Pin30=PH7
Mcu.Pin31=PH5
Mcu.Pin32=PH2
Mcu.Pin33=PA10
Mcu.Pin34=PA13 (JTMS/SWDIO)
Mcu.Pin35=PA12
Mcu.Pin36=PF7
Mcu.Pin37=PF9
Mcu.Pin38=PF3
Mcu.Pin39=PF4
Mcu.Pin4=PI0
Mcu.Pin40=PA9
Mcu.Pin41=PA11
Mcu.Pin42=PF10
Mcu.Pin43=PF6
Mcu.Pin44=PE10
Mcu.Pin45=PG6
Mcu.Pin46=PH1-OSC_OUT (PH1)
Mcu.Pin47=PE9
Mcu.Pin48=PG5
Mcu.Pin49=PD14
Mcu.Pin5=PH12
Mcu.Pin50=PC3
Mcu.Pin51=PF12
Mcu.Pin52=PE8
Mcu.Pin53=PB10
Mcu.Pin54=PD10
Mcu.Pin55=PD13
Mcu.Pin56=PG2
Mcu.Pin57=PF14
Mcu.Pin58=PB11
Mcu.Pin59=PB12
Mcu.Pin6=PH3-BOOT0
Mcu.Pin60=PB15
Mcu.Pin61=PF11
Mcu.Pin62=PE11
Mcu.Pin63=PB1
Mcu.Pin64=PF15
Mcu.Pin65=VP_GPDMA1_VS_GPDMACH2
Mcu.Pin66=VP_GPDMA1_VS_GPDMACH3
Mcu.Pin67=VP_GPDMA1_VS_GPDMACH4
Mcu.Pin68=VP_GPDMA1_VS_GPDMACH5
Mcu.Pin69=VP_LPBAMQUEUE_VS_QUEUE
Mcu.Pin7=PB5
Mcu.Pin70=VP_PWR_VS_SECSignals
Mcu.Pin71=VP_PWR_VS_LPOM
Mcu.Pin72=VP_SYS_VS_tim6
Mcu.Pin73=VP_TIM7_VS_ClockSourceINT
Mcu.Pin74=VP_LPBAM_VS_SIG1
Mcu.Pin75=VP_LPBAM_VS_SIG4
Mcu.Pin8=PD4
Mcu.Pin9=PC10
Mcu.PinsNb=76
Mcu.ThirdPartyNb=0
Mcu.UserConstants=
Mcu.UserName=STM32U585AIIxQ
MxCube.Version=6.6.1
MxDb.Version=DB.6.0.60
NVIC.BusFault_IRQn=true\:0\:0\:false\:false\:true\:false\:false\:false
NVIC.DebugMonitor_IRQn=true\:0\:0\:false\:false\:true\:false\:false\:false
NVIC.ForceEnableDMAVector=true
NVIC.GPDMA1_Channel2_IRQn=true\:0\:0\:false\:false\:true\:true\:true\:true
NVIC.GPDMA1_Channel3_IRQn=true\:0\:0\:false\:false\:true\:true\:true\:true
NVIC.GPDMA1_Channel5_IRQn=true\:0\:0\:false\:false\:true\:false\:true\:true
NVIC.HardFault_IRQn=true\:0\:0\:false\:false\:true\:false\:false\:false
NVIC.I2C2_ER_IRQn=true\:4\:0\:true\:false\:true\:true\:true\:true
NVIC.I2C2_EV_IRQn=true\:4\:0\:true\:false\:true\:true\:true\:true
NVIC.MemoryManagement_IRQn=true\:0\:0\:false\:false\:true\:false\:false\:false
NVIC.NonMaskableInt_IRQn=true\:0\:0\:false\:false\:true\:false\:false\:false
NVIC.PendSV_IRQn=true\:0\:0\:false\:false\:true\:false\:false\:false
NVIC.PriorityGroup=NVIC_PRIORITYGROUP_4
NVIC.SVCall_IRQn=true\:0\:0\:false\:false\:true\:false\:false\:false
NVIC.SysTick_IRQn=true\:15\:0\:false\:false\:true\:false\:true\:false
NVIC.TIM6_IRQn=true\:15\:0\:false\:false\:true\:false\:true\:true
NVIC.TIM7_IRQn=true\:0\:0\:false\:false\:true\:true\:true\:true
NVIC.TimeBase=TIM6_IRQn
NVIC.TimeBaseIP=TIM6
NVIC.UsageFault_IRQn=true\:0\:0\:false\:false\:true\:false\:false\:false
PA10.GPIOParameters=GPIO_Label
PA10.GPIO_Label=T.VCP_RX
PA10.Locked=true
PA10.Mode=Asynchronous
PA10.Signal=USART1_RX
PA11.GPIOParameters=GPIO_Label
PA11.GPIO_Label=USB.C_P
PA11.Locked=true
PA11.Signal=USB_OTG_FS_DM
PA12.GPIOParameters=GPIO_Label
PA12.GPIO_Label=USB.C_P
PA12.Locked=true
PA12.Signal=USB_OTG_FS_DP
PA13\ (JTMS/SWDIO).GPIOParameters=GPIO_Label
PA13\ (JTMS/SWDIO).GPIO_Label=T.SWDIO
PA13\ (JTMS/SWDIO).Locked=true
PA13\ (JTMS/SWDIO).Signal=DEBUG_JTMS-SWDIO
PA14\ (JTCK/SWCLK).GPIOParameters=GPIO_Label
PA14\ (JTCK/SWCLK).GPIO_Label=T.SWCLK
PA14\ (JTCK/SWCLK).Locked=true
PA14\ (JTCK/SWCLK).Signal=DEBUG_JTCK-SWCLK
PA15\ (JTDI).GPIOParameters=GPIO_Label
PA15\ (JTDI).GPIO_Label=USB.UCPD_CC1
PA15\ (JTDI).Locked=true
PA15\ (JTDI).Signal=UCPD1_CC1
PA9.GPIOParameters=GPIO_Label
PA9.GPIO_Label=T.VCP_TX
PA9.Locked=true
PA9.Mode=Asynchronous
PA9.Signal=USART1_TX
PB1.GPIOParameters=GPIO_Label
PB1.GPIO_Label=MIC.SDIN0
PB1.Locked=true
PB1.Signal=MDF1_SDI0
PB10.GPIOParameters=GPIO_Label
PB10.GPIO_Label=OCTOSPI.R_CLK_P
PB10.Locked=true
PB10.Signal=OCTOSPIM_P1_CLK
PB11.GPIOParameters=GPIO_Label
PB11.GPIO_Label=OCTOSPI.R_NCS
PB11.Locked=true
PB11.Signal=OCTOSPIM_P1_NCS
PB12.GPIOParameters=GPIO_Label
PB12.GPIO_Label=WRLS.SPI2_NSS
PB12.Locked=true
PB12.Signal=SPI2_NSS
PB15.GPIOParameters=GPIO_Label
PB15.GPIO_Label=USB.UCPD_CC2
PB15.Locked=true
PB15.Signal=UCPD1_CC2
PB3\ (JTDO/TRACESWO).GPIOParameters=GPIO_Label
PB3\ (JTDO/TRACESWO).GPIO_Label=T.SWO
PB3\ (JTDO/TRACESWO).Locked=true
PB3\ (JTDO/TRACESWO).Signal=DEBUG_JTDO-SWO
PB5.GPIOParameters=GPIO_Label
PB5.GPIO_Label=UCPD_PWR
PB5.Locked=true
PB5.Signal=GPIO_Output
PB8.Locked=true
PB8.Signal=I2C1_SCL
PB9.Locked=true
PB9.Signal=I2C1_SDA
PC10.GPIOParameters=GPIO_Label
PC10.GPIO_Label=WRLS.UART4_TX
PC10.Locked=true
PC10.Signal=UART4_TX
PC11.GPIOParameters=GPIO_Label
PC11.GPIO_Label=WRLS.UART4_RX
PC11.Locked=true
PC11.Signal=UART4_RX
PC13.GPIOParameters=GPIO_Label
PC13.GPIO_Label=USER_Button
PC13.Locked=true
PC13.Signal=GPIO_Input
PC14-OSC32_IN\ (PC14).GPIOParameters=GPIO_Label
PC14-OSC32_IN\ (PC14).GPIO_Label=PC14-OSC32_IN
PC14-OSC32_IN\ (PC14).Locked=true
PC14-OSC32_IN\ (PC14).Signal=RCC_OSC32_IN
PC15-OSC32_OUT\ (PC15).GPIOParameters=GPIO_Label
PC15-OSC32_OUT\ (PC15).GPIO_Label=PC15-OSC32_OUT
PC15-OSC32_OUT\ (PC15).Locked=true
PC15-OSC32_OUT\ (PC15).Signal=RCC_OSC32_OUT
PC3.GPIOParameters=GPIO_Label
PC3.GPIO_Label=OCTOSPI.R_IO6
PC3.Locked=true
PC3.Signal=OCTOSPIM_P1_IO6
PD1.GPIOParameters=GPIO_Label
PD1.GPIO_Label=WRLS.SPI2_SCK
PD1.Locked=true
PD1.Signal=SPI2_SCK
PD10.GPIOParameters=GPIO_Label
PD10.GPIO_Label=Mems.INT_IIS2MDC
PD10.Locked=true
PD10.Signal=GPIO_Input
PD13.GPIOParameters=GPIO_Label
PD13.GPIO_Label=USB.IANA
PD13.Locked=true
PD13.Signal=GPIO_Input
PD14.GPIOParameters=GPIO_Label
PD14.GPIO_Label=WRLS.NOTIFY
PD14.Locked=true
PD14.Signal=GPIO_Input
PD3.GPIOParameters=GPIO_Label
PD3.GPIO_Label=WRLS.SPI2_MISO
PD3.Locked=true
PD3.Signal=SPI2_MISO
PD4.GPIOParameters=GPIO_Label
PD4.GPIO_Label=WRLS.SPI2_MOSI
PD4.Locked=true
PD4.Signal=SPI2_MOSI
PD7.GPIOParameters=GPIO_Label
PD7.GPIO_Label=OCTOSPI.R_IO7
PD7.Locked=true
PD7.Signal=OCTOSPIM_P1_IO7
PE10.GPIOParameters=GPIO_Label
PE10.GPIO_Label=MIC.SDINx
PE10.Locked=true
PE10.Mode=MOD_ADF_CCK
PE10.Signal=ADF1_SDI0
PE11.GPIOParameters=GPIO_Label
PE11.GPIO_Label=Mems.ISM330DLC_INT1
PE11.Locked=true
PE11.Signal=GPIO_Input
PE3.GPIOParameters=GPIO_Label
PE3.GPIO_Label=OCTOSPI.R_DQS
PE3.Locked=true
PE3.Signal=OCTOSPIM_P1_DQS
PE8.GPIOParameters=GPIO_Label
PE8.GPIO_Label=USB.UCPD_FLT
PE8.Locked=true
PE8.Signal=GPIO_Input
PE9.GPIOParameters=GPIO_Label
PE9.GPIO_Label=MIC.CCK0
PE9.Locked=true
PE9.Mode=MOD_MDF_CCK0
PE9.Signal=ADF1_CCK0
PF0.GPIOParameters=GPIO_Label
PF0.GPIO_Label=OCTOSPI.F_IO0
PF0.Locked=true
PF0.Signal=OCTOSPIM_P2_IO0
PF1.GPIOParameters=GPIO_Label
PF1.GPIO_Label=OCTOSPI.F_IO1
PF1.Locked=true
PF1.Signal=OCTOSPIM_P2_IO1
PF10.GPIOParameters=GPIO_Label
PF10.GPIO_Label=MIC.CCK1
PF10.Locked=true
PF10.Signal=MDF1_CCK1
PF11.GPIOParameters=GPIO_Label
PF11.GPIO_Label=Mems.STSAFE_RESET
PF11.Locked=true
PF11.Signal=GPIO_Output
PF12.GPIOParameters=GPIO_Label
PF12.GPIO_Label=OCTOSPI.F_DQS
PF12.Locked=true
PF12.Signal=OCTOSPIM_P2_DQS
PF14.GPIOParameters=GPIO_Label
PF14.GPIO_Label=USB.VBUS_SENSE
PF14.Locked=true
PF14.Signal=GPIO_Input
PF15.GPIOParameters=GPIO_Label
PF15.GPIO_Label=WRLS.WKUP_W
PF15.Locked=true
PF15.Signal=GPIO_Output
PF2.GPIOParameters=GPIO_Label
PF2.GPIO_Label=OCTOSPI.F_IO2
PF2.Locked=true
PF2.Signal=OCTOSPIM_P2_IO2
PF3.GPIOParameters=GPIO_Label
PF3.GPIO_Label=OCTOSPI.F_IO3
PF3.Locked=true
PF3.Signal=OCTOSPIM_P2_IO3
PF4.GPIOParameters=GPIO_Label
PF4.GPIO_Label=OCTOSPI.F_CLK_P
PF4.Locked=true
PF4.Signal=OCTOSPIM_P2_CLK
PF6.GPIOParameters=GPIO_Label
PF6.GPIO_Label=OCTOSPI.R_IO3
PF6.Locked=true
PF6.Signal=OCTOSPIM_P1_IO3
PF7.GPIOParameters=GPIO_Label
PF7.GPIO_Label=OCTOSPI.R_IO2
PF7.Locked=true
PF7.Signal=OCTOSPIM_P1_IO2
PF8.GPIOParameters=GPIO_Label
PF8.GPIO_Label=OCTOSPI.R_IO0
PF8.Locked=true
PF8.Signal=OCTOSPIM_P1_IO0
PF9.GPIOParameters=GPIO_Label
PF9.GPIO_Label=OCTOSPI.R_IO1
PF9.Locked=true
PF9.Signal=OCTOSPIM_P1_IO1
PG15.GPIOParameters=GPIO_Label
PG15.GPIO_Label=WRLS.FLOW
PG15.Locked=true
PG15.Signal=GPIO_Input
PG2.GPIOParameters=GPIO_Label
PG2.GPIO_Label=Mems.INT_LPS22HH
PG2.Locked=true
PG2.Signal=GPIO_Input
PG5.GPIOParameters=GPIO_Label
PG5.GPIO_Label=Mems.VLX_GPIO
PG5.Locked=true
PG5.Signal=GPIO_Input
PG6.GPIOParameters=GPIO_Label
PG6.GPIO_Label=WRLS.WKUP_B
PG6.Locked=true
PG6.Signal=GPIO_Output
PH1-OSC_OUT\ (PH1).GPIOParameters=GPIO_Label
PH1-OSC_OUT\ (PH1).GPIO_Label=Mems.VL53_xshut
PH1-OSC_OUT\ (PH1).Locked=true
PH1-OSC_OUT\ (PH1).Signal=GPIO_Output
PH10.GPIOParameters=GPIO_Label
PH10.GPIO_Label=OCTOSPI.F_IO5
PH10.Locked=true
PH10.Signal=OCTOSPIM_P2_IO5
PH11.GPIOParameters=GPIO_Label
PH11.GPIO_Label=OCTOSPI.F_IO6
PH11.Locked=true
PH11.Signal=OCTOSPIM_P2_IO6
PH12.GPIOParameters=GPIO_Label
PH12.GPIO_Label=OCTOSPI.F_IO7
PH12.Locked=true
PH12.Signal=OCTOSPIM_P2_IO7
PH2.GPIOParameters=GPIO_Label
PH2.GPIO_Label=OCTOSPI.R_IO4
PH2.Locked=true
PH2.Signal=OCTOSPIM_P1_IO4
PH3-BOOT0.GPIOParameters=GPIO_Label
PH3-BOOT0.GPIO_Label=PH3-BOOT0
PH3-BOOT0.Locked=true
PH3-BOOT0.Signal=GPIO_Input
PH4.Locked=true
PH4.Mode=I2C
PH4.Signal=I2C2_SCL
PH5.Locked=true
PH5.Mode=I2C
PH5.Signal=I2C2_SDA
PH6.GPIOParameters=GPIO_Label
PH6.GPIO_Label=LED_RED
PH6.Locked=true
PH6.Signal=GPIO_Output
PH7.GPIOParameters=GPIO_Label
PH7.GPIO_Label=LED_GREEN
PH7.Locked=true
PH7.Signal=GPIO_Output
PH9.GPIOParameters=GPIO_Label
PH9.GPIO_Label=OCTOSPI.F_IO4
PH9.Locked=true
PH9.Signal=OCTOSPIM_P2_IO4
PI0.GPIOParameters=GPIO_Label
PI0.GPIO_Label=OCTOSPI.R_IO5
PI0.Locked=true
PI0.Signal=OCTOSPIM_P1_IO5
PI5.GPIOParameters=GPIO_Label
PI5.GPIO_Label=OCTOSPI.F_NCS
PI5.Locked=true
PI5.Signal=OCTOSPIM_P2_NCS
PWR.IPParameters=PowerMode
PWR.PowerMode=PWR_SMPS_SUPPLY
PinOutPanel.CurrentBGAView=Top
PinOutPanel.RotationAngle=0
ProjectManager.AskForMigrate=true
ProjectManager.BackupPrevious=false
ProjectManager.CompilerOptimize=6
ProjectManager.ComputerToolchain=false
ProjectManager.CoupleFile=true
ProjectManager.CustomerFirmwarePackage=
ProjectManager.DefaultFWLocation=true
ProjectManager.DeletePrevious=true
ProjectManager.DeviceId=STM32U585AIIxQ
ProjectManager.FirmwarePackage=STM32Cube FW_U5 V1.1.1
ProjectManager.FreePins=true
ProjectManager.HalAssertFull=true
ProjectManager.HeapSize=0x200
ProjectManager.KeepUserCode=true
ProjectManager.LPBAM.generateCode=
ProjectManager.LastFirmware=true
ProjectManager.LibraryCopy=1
ProjectManager.MainLocation=Core/Src
ProjectManager.NoMain=false
ProjectManager.PreviousToolchain=STM32CubeIDE
ProjectManager.ProjectBuild=false
ProjectManager.ProjectFileName=B-U585I-IOT02A_General.ioc
ProjectManager.ProjectName=B-U585I-IOT02A_General
ProjectManager.RegisterCallBack=
ProjectManager.StackSize=0x400
ProjectManager.TargetToolchain=STM32CubeIDE
ProjectManager.ToolChainLocation=
ProjectManager.UnderRoot=true
ProjectManager.functionlistsort=1-SystemClock_Config-RCC-false-HAL-false,2-MX_GPIO_Init-GPIO-false-HAL-true,3-MX_GPDMA1_Init-GPDMA1-false-HAL-true,4-MX_I2C2_Init-I2C2-false-HAL-true,5-MX_TIM7_Init-TIM7-false-HAL-true,6-MX_USART1_UART_Init-USART1-false-HAL-true,7-MX_ADF1_Init-ADF1-false-HAL-true,0-MX_CORTEX_M33_NS_Init-CORTEX_M33_NS-false-HAL-true,0-MX_PWR_Init-PWR-false-HAL-true
RCC.ADCFreq_Value=16000000
RCC.ADF1Freq_Value=160000000
RCC.AHBFreq_Value=160000000
RCC.APB1Freq_Value=160000000
RCC.APB1TimFreq_Value=160000000
RCC.APB2Freq_Value=160000000
RCC.APB2TimFreq_Value=160000000
RCC.APB3Freq_Value=160000000
RCC.CK48Freq_Value=48000000
RCC.CRSFreq_Value=48000000
RCC.CortexFreq_Value=160000000
RCC.DACCLockSelectionVirtual=RCC_DAC1CLKSOURCE_LSI
RCC.DACCLockSelectionVirtualString=RCC_DAC1CLKSOURCE_LSI
RCC.DACFreq_Value=32000
RCC.EPOD_VALUE=4000000
RCC.FCLKCortexFreq_Value=160000000
RCC.FDCANFreq_Value=160000000
RCC.FamilyName=M
RCC.HCLKFreq_Value=160000000
RCC.HSE_VALUE=16000000
RCC.HSI48_VALUE=48000000
RCC.HSI_VALUE=16000000
RCC.I2C1Freq_Value=160000000
RCC.I2C2Freq_Value=160000000
RCC.I2C3Freq_Value=160000000
RCC.I2C4Freq_Value=160000000
RCC.IPParameters=ADCFreq_Value,ADF1Freq_Value,AHBFreq_Value,APB1Freq_Value,APB1TimFreq_Value,APB2Freq_Value,APB2TimFreq_Value,APB3Freq_Value,CK48Freq_Value,CRSFreq_Value,CortexFreq_Value,DACCLockSelectionVirtual,DACCLockSelectionVirtualString,DACFreq_Value,EPOD_VALUE,FCLKCortexFreq_Value,FDCANFreq_Value,FamilyName,HCLKFreq_Value,HSE_VALUE,HSI48_VALUE,HSI_VALUE,I2C1Freq_Value,I2C2Freq_Value,I2C3Freq_Value,I2C4Freq_Value,LPTIM2Freq_Value,LPUART1Freq_Value,LSCOPinFreq_Value,LSE_VALUE,LSIDIV_VALUE,LSI_VALUE,MCO1PinFreq_Value,MDF1Freq_Value,MSI_VALUE,OCTOSPIMFreq_Value,PLL2PoutputFreq_Value,PLL2QoutputFreq_Value,PLL2RoutputFreq_Value,PLL3PoutputFreq_Value,PLL3QoutputFreq_Value,PLL3RoutputFreq_Value,PLLN,PLLPoutputFreq_Value,PLLQoutputFreq_Value,PLLRCLKFreq_Value,RNGFreq_Value,SAESFreq_Value,SAI1Freq_Value,SAI2Freq_Value,SDMMCFreq_Value,SPI1Freq_Value,SPI2Freq_Value,SPI3Freq_Value,SYSCLKFreq_VALUE,SYSCLKSource,UART4Freq_Value,UART5Freq_Value,USART1Freq_Value,USART2Freq_Value,USART3Freq_Value,USBFreq_Value,VCOInput2Freq_Value,VCOInput3Freq_Value,VCOInputFreq_Value,VCOOutputFreq_Value,VCOPLL2OutputFreq_Value,VCOPLL3OutputFreq_Value
RCC.LPTIM2Freq_Value=160000000
RCC.LPUART1Freq_Value=160000000
RCC.LSCOPinFreq_Value=32000
RCC.LSE_VALUE=32768
RCC.LSIDIV_VALUE=32000
RCC.LSI_VALUE=32000
RCC.MCO1PinFreq_Value=160000000
RCC.MDF1Freq_Value=160000000
RCC.MSI_VALUE=4000000
RCC.OCTOSPIMFreq_Value=160000000
RCC.PLL2PoutputFreq_Value=258000000
RCC.PLL2QoutputFreq_Value=258000000
RCC.PLL2RoutputFreq_Value=258000000
RCC.PLL3PoutputFreq_Value=258000000
RCC.PLL3QoutputFreq_Value=258000000
RCC.PLL3RoutputFreq_Value=258000000
RCC.PLLN=80
RCC.PLLPoutputFreq_Value=160000000
RCC.PLLQoutputFreq_Value=160000000
RCC.PLLRCLKFreq_Value=160000000
RCC.RNGFreq_Value=48000000
RCC.SAESFreq_Value=48000000
RCC.SAI1Freq_Value=258000000
RCC.SAI2Freq_Value=258000000
RCC.SDMMCFreq_Value=160000000
RCC.SPI1Freq_Value=160000000
RCC.SPI2Freq_Value=160000000
RCC.SPI3Freq_Value=160000000
RCC.SYSCLKFreq_VALUE=160000000
RCC.SYSCLKSource=RCC_SYSCLKSOURCE_PLLCLK
RCC.UART4Freq_Value=160000000
RCC.UART5Freq_Value=160000000
RCC.USART1Freq_Value=160000000
RCC.USART2Freq_Value=160000000
RCC.USART3Freq_Value=160000000
RCC.USBFreq_Value=48000000
RCC.VCOInput2Freq_Value=4000000
RCC.VCOInput3Freq_Value=4000000
RCC.VCOInputFreq_Value=4000000
RCC.VCOOutputFreq_Value=320000000
RCC.VCOPLL2OutputFreq_Value=516000000
RCC.VCOPLL3OutputFreq_Value=516000000
USART1.BaudRate=921600
USART1.IPParameters=VirtualMode-Asynchronous,BaudRate
USART1.VirtualMode-Asynchronous=VM_ASYNC
VP_GPDMA1_VS_GPDMACH2.Mode=SIMPLEREQUEST_GPDMACH2
VP_GPDMA1_VS_GPDMACH2.Signal=GPDMA1_VS_GPDMACH2
VP_GPDMA1_VS_GPDMACH3.Mode=SIMPLEREQUEST_GPDMACH3
VP_GPDMA1_VS_GPDMACH3.Signal=GPDMA1_VS_GPDMACH3
VP_GPDMA1_VS_GPDMACH4.Mode=SIMPLEREQUEST_GPDMACH4
VP_GPDMA1_VS_GPDMACH4.Signal=GPDMA1_VS_GPDMACH4
VP_GPDMA1_VS_GPDMACH5.Mode=SIMPLEREQUEST_GPDMACH5
VP_GPDMA1_VS_GPDMACH5.Signal=GPDMA1_VS_GPDMACH5
VP_LPBAMQUEUE_VS_QUEUE.Mode=QUEUEMODE
VP_LPBAMQUEUE_VS_QUEUE.Signal=LPBAMQUEUE_VS_QUEUE
VP_LPBAM_VS_SIG1.Mode=SmartRun
VP_LPBAM_VS_SIG1.Signal=LPBAM_VS_SIG1
VP_LPBAM_VS_SIG4.Mode=LPDMA1
VP_LPBAM_VS_SIG4.Signal=LPBAM_VS_SIG4
VP_PWR_VS_LPOM.Mode=PowerOptimisation
VP_PWR_VS_LPOM.Signal=PWR_VS_LPOM
VP_PWR_VS_SECSignals.Mode=Security/Privilege
VP_PWR_VS_SECSignals.Signal=PWR_VS_SECSignals
VP_SYS_VS_tim6.Mode=TIM6
VP_SYS_VS_tim6.Signal=SYS_VS_tim6
VP_TIM7_VS_ClockSourceINT.Mode=Enable_Timer
VP_TIM7_VS_ClockSourceINT.Signal=TIM7_VS_ClockSourceINT
board=B-U585I-IOT02A
boardIOC=true
