#MicroXplorer Configuration settings - do not modify
File.Version=6
GPIO.groupedBy=Group By Peripherals
I2C1.I2C_Mode=I2C_Fast
I2C1.IPParameters=I2C_Mode
KeepUserPlacement=false
Mcu.CPN=STM32F401RET6
Mcu.Family=STM32F4
Mcu.IP0=CRC
Mcu.IP1=I2C1
Mcu.IP2=NVIC
Mcu.IP3=RCC
Mcu.IP4=SYS
Mcu.IP5=USART2
Mcu.IPNb=6
Mcu.Name=STM32F401R(D-E)Tx
Mcu.Package=LQFP64
Mcu.Pin0=PC13-ANTI_TAMP
Mcu.Pin1=PC14-OSC32_IN
Mcu.Pin10=PA13
Mcu.Pin11=PA14
Mcu.Pin12=PB3
Mcu.Pin13=PB4
Mcu.Pin14=PB8
Mcu.Pin15=PB9
Mcu.Pin16=VP_CRC_VS_CRC
Mcu.Pin17=VP_SYS_VS_Systick
Mcu.Pin18=VP_STMicroelectronics.X-CUBE-AI_VS_ArtificialOoIntelligenceJjXAaCUBEAaAI_7.1.0
Mcu.Pin2=PC15-OSC32_OUT
Mcu.Pin3=PH0 - OSC_IN
Mcu.Pin4=PH1 - OSC_OUT
Mcu.Pin5=PA2
Mcu.Pin6=PA3
Mcu.Pin7=PA4
Mcu.Pin8=PA5
Mcu.Pin9=PB0
Mcu.PinsNb=19
Mcu.ThirdParty0=STMicroelectronics.X-CUBE-AI.7.1.0
Mcu.ThirdPartyNb=1
Mcu.UserConstants=
Mcu.UserName=STM32F401RETx
MxCube.Version=6.5.0
MxDb.Version=DB.6.0.50
NVIC.BusFault_IRQn=true\:0\:0\:false\:false\:true\:true\:false\:true
NVIC.DebugMonitor_IRQn=true\:0\:0\:false\:false\:true\:true\:false\:true
NVIC.EXTI4_IRQn=true\:0\:0\:false\:false\:true\:true\:true\:true
NVIC.ForceEnableDMAVector=true
NVIC.HardFault_IRQn=true\:0\:0\:false\:false\:true\:true\:false\:true
NVIC.MemoryManagement_IRQn=true\:0\:0\:false\:false\:true\:true\:false\:true
NVIC.NonMaskableInt_IRQn=true\:0\:0\:false\:false\:true\:true\:false\:true
NVIC.PendSV_IRQn=true\:0\:0\:false\:false\:true\:false\:false\:true
NVIC.PriorityGroup=NVIC_PRIORITYGROUP_0
NVIC.SVCall_IRQn=true\:0\:0\:false\:false\:true\:false\:false\:true
NVIC.SysTick_IRQn=true\:0\:0\:true\:false\:true\:true\:true\:true
NVIC.USART2_IRQn=true\:0\:0\:false\:false\:true\:true\:true\:true
NVIC.UsageFault_IRQn=true\:0\:0\:false\:false\:true\:true\:false\:true
PA13.GPIOParameters=GPIO_Label
PA13.GPIO_Label=TMS
PA13.Locked=true
PA13.Mode=Serial_Wire
PA13.Signal=SYS_JTMS-SWDIO
PA14.GPIOParameters=GPIO_Label
PA14.GPIO_Label=TCK
PA14.Locked=true
PA14.Mode=Serial_Wire
PA14.Signal=SYS_JTCK-SWCLK
PA2.GPIOParameters=GPIO_Speed,GPIO_PuPd,GPIO_Label,GPIO_Mode
PA2.GPIO_Label=USART_TX
PA2.GPIO_Mode=GPIO_MODE_AF_PP
PA2.GPIO_PuPd=GPIO_NOPULL
PA2.GPIO_Speed=GPIO_SPEED_FREQ_LOW
PA2.Locked=true
PA2.Mode=Asynchronous
PA2.Signal=USART2_TX
PA3.GPIOParameters=GPIO_Speed,GPIO_PuPd,GPIO_Label,GPIO_Mode
PA3.GPIO_Label=USART_RX
PA3.GPIO_Mode=GPIO_MODE_AF_PP
PA3.GPIO_PuPd=GPIO_NOPULL
PA3.GPIO_Speed=GPIO_SPEED_FREQ_LOW
PA3.Locked=true
PA3.Mode=Asynchronous
PA3.Signal=USART2_RX
PA4.GPIOParameters=GPIO_Label,GPIO_ModeDefaultEXTI
PA4.GPIO_Label=INT_C
PA4.GPIO_ModeDefaultEXTI=GPIO_MODE_IT_FALLING
PA4.Locked=true
PA4.Signal=GPXTI4
PA5.GPIOParameters=GPIO_Speed,GPIO_PuPd,GPIO_Label,GPIO_Mode
PA5.GPIO_Label=LD2 [Green Led]
PA5.GPIO_Mode=GPIO_MODE_OUTPUT_PP
PA5.GPIO_PuPd=GPIO_NOPULL
PA5.GPIO_Speed=GPIO_SPEED_FREQ_LOW
PA5.Locked=true
PA5.Signal=GPIO_Output
PB0.GPIOParameters=PinState,GPIO_PuPd,GPIO_Label
PB0.GPIO_Label=PWR_EN_C
PB0.GPIO_PuPd=GPIO_PULLUP
PB0.Locked=true
PB0.PinState=GPIO_PIN_SET
PB0.Signal=GPIO_Output
PB3.GPIOParameters=GPIO_PuPd,GPIO_Label
PB3.GPIO_Label=I2C_RST_C
PB3.GPIO_PuPd=GPIO_PULLDOWN
PB3.Locked=true
PB3.Signal=GPIO_Output
PB4.GPIOParameters=PinState,GPIO_PuPd,GPIO_Label
PB4.GPIO_Label=LPn_C
PB4.GPIO_PuPd=GPIO_PULLUP
PB4.Locked=true
PB4.PinState=GPIO_PIN_SET
PB4.Signal=GPIO_Output
PB8.Locked=true
PB8.Mode=I2C
PB8.Signal=I2C1_SCL
PB9.Locked=true
PB9.Mode=I2C
PB9.Signal=I2C1_SDA
PC13-ANTI_TAMP.GPIOParameters=GPIO_Label
PC13-ANTI_TAMP.GPIO_Label=FLEX_SPI_I2C_N
PC13-ANTI_TAMP.Locked=true
PC13-ANTI_TAMP.Signal=GPIO_Output
PC14-OSC32_IN.Locked=true
PC14-OSC32_IN.Mode=LSE-External-Oscillator
PC14-OSC32_IN.Signal=RCC_OSC32_IN
PC15-OSC32_OUT.Locked=true
PC15-OSC32_OUT.Mode=LSE-External-Oscillator
PC15-OSC32_OUT.Signal=RCC_OSC32_OUT
PH0\ -\ OSC_IN.Locked=true
PH0\ -\ OSC_IN.Mode=HSE-External-Clock-Source
PH0\ -\ OSC_IN.Signal=RCC_OSC_IN
PH1\ -\ OSC_OUT.Locked=true
PH1\ -\ OSC_OUT.Mode=HSE-External-Clock-Source
PH1\ -\ OSC_OUT.Signal=RCC_OSC_OUT
PinOutPanel.RotationAngle=0
ProjectManager.AskForMigrate=true
ProjectManager.BackupPrevious=false
ProjectManager.CompilerOptimize=6
ProjectManager.ComputerToolchain=false
ProjectManager.CoupleFile=false
ProjectManager.CustomerFirmwarePackage=
ProjectManager.DefaultFWLocation=true
ProjectManager.DeletePrevious=true
ProjectManager.DeviceId=STM32F401RETx
ProjectManager.FirmwarePackage=STM32Cube FW_F4 V1.27.0
ProjectManager.FreePins=false
ProjectManager.HalAssertFull=false
ProjectManager.HeapSize=0x800
ProjectManager.KeepUserCode=true
ProjectManager.LastFirmware=true
ProjectManager.LibraryCopy=1
ProjectManager.MainLocation=Core/Src
ProjectManager.NoMain=false
ProjectManager.PreviousToolchain=STM32CubeIDE
ProjectManager.ProjectBuild=false
ProjectManager.ProjectFileName=HandPosture_GettingStarted.ioc
ProjectManager.ProjectName=HandPosture_GettingStarted
ProjectManager.RegisterCallBack=
ProjectManager.StackSize=0x800
ProjectManager.TargetToolchain=STM32CubeIDE
ProjectManager.ToolChainLocation=
ProjectManager.UnderRoot=true
ProjectManager.functionlistsort=1-SystemClock_Config-RCC-false-HAL-false,2-MX_GPIO_Init-GPIO-false-HAL-true,3-MX_I2C1_Init-I2C1-false-HAL-true,4-MX_USART2_UART_Init-USART2-false-HAL-true,5-MX_CRC_Init-CRC-false-HAL-true
RCC.48MHZClocksFreq_Value=48000000
RCC.AHBFreq_Value=84000000
RCC.APB1CLKDivider=RCC_HCLK_DIV2
RCC.APB1Freq_Value=42000000
RCC.APB1TimFreq_Value=84000000
RCC.APB2Freq_Value=84000000
RCC.APB2TimFreq_Value=84000000
RCC.CortexFreq_Value=84000000
RCC.FCLKCortexFreq_Value=84000000
RCC.HCLKFreq_Value=84000000
RCC.HSE_VALUE=8000000
RCC.HSI_VALUE=16000000
RCC.I2SClocksFreq_Value=96000000
RCC.IPParameters=48MHZClocksFreq_Value,AHBFreq_Value,APB1CLKDivider,APB1Freq_Value,APB1TimFreq_Value,APB2Freq_Value,APB2TimFreq_Value,CortexFreq_Value,FCLKCortexFreq_Value,HCLKFreq_Value,HSE_VALUE,HSI_VALUE,I2SClocksFreq_Value,LSI_VALUE,MCO2PinFreq_Value,PLLCLKFreq_Value,PLLN,PLLP,PLLQ,PLLQCLKFreq_Value,RTCFreq_Value,RTCHSEDivFreq_Value,SYSCLKFreq_VALUE,SYSCLKSource,VCOI2SOutputFreq_Value,VCOInputFreq_Value,VCOOutputFreq_Value,VcooutputI2S
RCC.LSI_VALUE=32000
RCC.MCO2PinFreq_Value=84000000
RCC.PLLCLKFreq_Value=84000000
RCC.PLLN=336
RCC.PLLP=RCC_PLLP_DIV4
RCC.PLLQ=7
RCC.PLLQCLKFreq_Value=48000000
RCC.RTCFreq_Value=32000
RCC.RTCHSEDivFreq_Value=4000000
RCC.SYSCLKFreq_VALUE=84000000
RCC.SYSCLKSource=RCC_SYSCLKSOURCE_PLLCLK
RCC.VCOI2SOutputFreq_Value=192000000
RCC.VCOInputFreq_Value=1000000
RCC.VCOOutputFreq_Value=336000000
RCC.VcooutputI2S=96000000
SH.GPXTI4.0=GPIO_EXTI4
SH.GPXTI4.ConfNb=1
STMicroelectronics.X-CUBE-AI.7.1.0.ActivationBufferSizeList=1220
STMicroelectronics.X-CUBE-AI.7.1.0.ActivationBuffers=pool0
STMicroelectronics.X-CUBE-AI.7.1.0.ActivationNames=pool0
STMicroelectronics.X-CUBE-AI.7.1.0.ActivationSizes=AI_NETWORK_DATA_ACTIVATION_1_SIZE
STMicroelectronics.X-CUBE-AI.7.1.0.ArtificialOoIntelligenceJjXAaCUBEAaAI_Checked=true
STMicroelectronics.X-CUBE-AI.7.1.0.HeapSize=0x800
STMicroelectronics.X-CUBE-AI.7.1.0.IPParameters=HeapSize,StackSize,ModelName-259f741db4d4b8b54389044fdb152ca7c530ae305709a885f32d9b1bf1bcc376,ModelType-259f741db4d4b8b54389044fdb152ca7c530ae305709a885f32d9b1bf1bcc376,ModelKind-259f741db4d4b8b54389044fdb152ca7c530ae305709a885f32d9b1bf1bcc376,ModelHashList,ModelNameList,WorkingBufferStartAddrList,LatestDirectoryUsed-259f741db4d4b8b54389044fdb152ca7c530ae305709a885f32d9b1bf1bcc376,ModelStructureFile-259f741db4d4b8b54389044fdb152ca7c530ae305709a885f32d9b1bf1bcc376,ModelMacc-259f741db4d4b8b54389044fdb152ca7c530ae305709a885f32d9b1bf1bcc376,ModelActualCompression-259f741db4d4b8b54389044fdb152ca7c530ae305709a885f32d9b1bf1bcc376,ModelRamOccupation-259f741db4d4b8b54389044fdb152ca7c530ae305709a885f32d9b1bf1bcc376,ModelFlashOccupation-259f741db4d4b8b54389044fdb152ca7c530ae305709a885f32d9b1bf1bcc376,ModelCompression-259f741db4d4b8b54389044fdb152ca7c530ae305709a885f32d9b1bf1bcc376,ActivationBuffers,InternalRamActivationBufferMaxSize,ActivationBufferSizeList,MaximumNumberOfInputLayer,MaximumNumberOfOutputLayer,MaximumSizeOfInputLayer,MaximumSizeOfOutputLayer,ReadyForCodeGeneration,ActivationSizes,ActivationNames,XAaCUBEAaAICcArtificialOoIntelligenceJjCore
STMicroelectronics.X-CUBE-AI.7.1.0.InternalRamActivationBufferMaxSize=AI_NETWORK_DATA_ACTIVATIONS_SIZE
STMicroelectronics.X-CUBE-AI.7.1.0.LatestDirectoryUsed-259f741db4d4b8b54389044fdb152ca7c530ae305709a885f32d9b1bf1bcc376=C\:\\Dev\\Gesture\\EVK\\branches\\GestureEVK_HandPosture\\models\\model__4-True-4000-0__20220513_101548
STMicroelectronics.X-CUBE-AI.7.1.0.MaximumNumberOfInputLayer=1
STMicroelectronics.X-CUBE-AI.7.1.0.MaximumNumberOfOutputLayer=1
STMicroelectronics.X-CUBE-AI.7.1.0.MaximumSizeOfInputLayer=AI_NETWORK_IN_1_SIZE_BYTES
STMicroelectronics.X-CUBE-AI.7.1.0.MaximumSizeOfOutputLayer=AI_NETWORK_OUT_1_SIZE_BYTES
STMicroelectronics.X-CUBE-AI.7.1.0.ModelActualCompression-259f741db4d4b8b54389044fdb152ca7c530ae305709a885f32d9b1bf1bcc376=0.0
STMicroelectronics.X-CUBE-AI.7.1.0.ModelCompression-259f741db4d4b8b54389044fdb152ca7c530ae305709a885f32d9b1bf1bcc376=1
STMicroelectronics.X-CUBE-AI.7.1.0.ModelFlashOccupation-259f741db4d4b8b54389044fdb152ca7c530ae305709a885f32d9b1bf1bcc376=11140
STMicroelectronics.X-CUBE-AI.7.1.0.ModelHashList=259f741db4d4b8b54389044fdb152ca7c530ae305709a885f32d9b1bf1bcc376
STMicroelectronics.X-CUBE-AI.7.1.0.ModelKind-259f741db4d4b8b54389044fdb152ca7c530ae305709a885f32d9b1bf1bcc376=KERAS
STMicroelectronics.X-CUBE-AI.7.1.0.ModelMacc-259f741db4d4b8b54389044fdb152ca7c530ae305709a885f32d9b1bf1bcc376=8568
STMicroelectronics.X-CUBE-AI.7.1.0.ModelName-259f741db4d4b8b54389044fdb152ca7c530ae305709a885f32d9b1bf1bcc376=network
STMicroelectronics.X-CUBE-AI.7.1.0.ModelNameList=network
STMicroelectronics.X-CUBE-AI.7.1.0.ModelRamOccupation-259f741db4d4b8b54389044fdb152ca7c530ae305709a885f32d9b1bf1bcc376=1220
STMicroelectronics.X-CUBE-AI.7.1.0.ModelStructureFile-259f741db4d4b8b54389044fdb152ca7c530ae305709a885f32d9b1bf1bcc376=C\:\\Dev\\Gesture\\EVK\\branches\\GestureEVK_HandPosture\\models\\model__4-True-4000-0__20220513_101548\\model__4-True-4000-0__20220513_101548.h5
STMicroelectronics.X-CUBE-AI.7.1.0.ModelType-259f741db4d4b8b54389044fdb152ca7c530ae305709a885f32d9b1bf1bcc376=Saved model
STMicroelectronics.X-CUBE-AI.7.1.0.ReadyForCodeGeneration=true
STMicroelectronics.X-CUBE-AI.7.1.0.StackSize=0x800
STMicroelectronics.X-CUBE-AI.7.1.0.WorkingBufferStartAddrList=0xFFFFFFFF
STMicroelectronics.X-CUBE-AI.7.1.0.XAaCUBEAaAICcArtificialOoIntelligenceJjCore=true
STMicroelectronics.X-CUBE-AI.7.1.0_SwParameter=XAaCUBEAaAICcArtificialOoIntelligenceJjCore\:true;
USART2.BaudRate=921600
USART2.IPParameters=VirtualMode,BaudRate
USART2.VirtualMode=VM_ASYNC
VP_CRC_VS_CRC.Mode=CRC_Activate
VP_CRC_VS_CRC.Signal=CRC_VS_CRC
VP_STMicroelectronics.X-CUBE-AI_VS_ArtificialOoIntelligenceJjXAaCUBEAaAI_7.1.0.Mode=ArtificialOoIntelligenceJjXAaCUBEAaAI
VP_STMicroelectronics.X-CUBE-AI_VS_ArtificialOoIntelligenceJjXAaCUBEAaAI_7.1.0.Signal=STMicroelectronics.X-CUBE-AI_VS_ArtificialOoIntelligenceJjXAaCUBEAaAI_7.1.0
VP_SYS_VS_Systick.Mode=SysTick
VP_SYS_VS_Systick.Signal=SYS_VS_Systick
board=NUCLEO-F401RE
boardIOC=true
